
Microsoft Visual Studio Solution File, Format Version 12.00
# Visual Studio Version 17
VisualStudioVersion = 17.8.34309.116
MinimumVisualStudioVersion = 10.0.40219.1
Project("{8BC9CEB8-8B4A-11D0-8D11-00A0C91BC942}") = "ms4", "ms4.vcxproj", "{537ABA1C-AC53-4BE7-9F45-2ADC4CBE4DBA}"
EndProject
Global
	GlobalSection(SolutionConfigurationPlatforms) = preSolution
		Debug|ARM64 = Debug|ARM64
		Debug|x64 = Debug|x64
		Debug|x86 = Debug|x86
		Release|ARM64 = Release|ARM64
		Release|x64 = Release|x64
		Release|x86 = Release|x86
	EndGlobalSection
	GlobalSection(ProjectConfigurationPlatforms) = postSolution
		{537ABA1C-AC53-4BE7-9F45-2ADC4CBE4DBA}.Debug|ARM64.ActiveCfg = Debug|ARM64
		{537ABA1C-AC53-4BE7-9F45-2ADC4CBE4DBA}.Debug|ARM64.Build.0 = Debug|ARM64
		{537ABA1C-AC53-4BE7-9F45-2ADC4CBE4DBA}.Debug|x64.ActiveCfg = Debug|x64
		{537ABA1C-AC53-4BE7-9F45-2ADC4CBE4DBA}.Debug|x64.Build.0 = Debug|x64
		{537ABA1C-AC53-4BE7-9F45-2ADC4CBE4DBA}.Debug|x86.ActiveCfg = Debug|Win32
		{537ABA1C-AC53-4BE7-9F45-2ADC4CBE4DBA}.Debug|x86.Build.0 = Debug|Win32
		{537ABA1C-AC53-4BE7-9F45-2ADC4CBE4DBA}.Release|ARM64.ActiveCfg = Release|ARM64
		{537ABA1C-AC53-4BE7-9F45-2ADC4CBE4DBA}.Release|ARM64.Build.0 = Release|ARM64
		{537ABA1C-AC53-4BE7-9F45-2ADC4CBE4DBA}.Release|x64.ActiveCfg = Release|x64
		{537ABA1C-AC53-4BE7-9F45-2ADC4CBE4DBA}.Release|x64.Build.0 = Release|x64
		{537ABA1C-AC53-4BE7-9F45-2ADC4CBE4DBA}.Release|x86.ActiveCfg = Release|Win32
		{537ABA1C-AC53-4BE7-9F45-2ADC4CBE4DBA}.Release|x86.Build.0 = Release|Win32
	EndGlobalSection
	GlobalSection(SolutionProperties) = preSolution
		HideSolutionNode = FALSE
	EndGlobalSection
	GlobalSection(ExtensibilityGlobals) = postSolution
		SolutionGuid = {CBB240E7-18FD-498B-8BF5-80536DB5B1FB}
	EndGlobalSection
EndGlobal
